
Microsoft Visual Studio Solution File, Format Version 12.00
# Visual Studio Version 16
VisualStudioVersion = 16.0.31624.102
MinimumVisualStudioVersion = 10.0.40219.1
Project("{FAE04EC0-301F-11D3-BF4B-00C04F79EFBC}") = "TestProject1", "TestProject1\TestProject1.csproj", "{C5882BFB-13A0-4A93-B989-9F15CF762991}"
EndProject
Global
	GlobalSection(SolutionConfigurationPlatforms) = preSolution
		Debug|Any CPU = Debug|Any CPU
		Release|Any CPU = Release|Any CPU
	EndGlobalSection
	GlobalSection(ProjectConfigurationPlatforms) = postSolution
		{C5882BFB-13A0-4A93-B989-9F15CF762991}.Debug|Any CPU.ActiveCfg = Debug|Any CPU
		{C5882BFB-13A0-4A93-B989-9F15CF762991}.Debug|Any CPU.Build.0 = Debug|Any CPU
		{C5882BFB-13A0-4A93-B989-9F15CF762991}.Release|Any CPU.ActiveCfg = Release|Any CPU
		{C5882BFB-13A0-4A93-B989-9F15CF762991}.Release|Any CPU.Build.0 = Release|Any CPU
	EndGlobalSection
	GlobalSection(SolutionProperties) = preSolution
		HideSolutionNode = FALSE
	EndGlobalSection
	GlobalSection(ExtensibilityGlobals) = postSolution
		SolutionGuid = {BDB255B1-5CFE-4DCE-A032-DD28026EC81E}
	EndGlobalSection
EndGlobal
